
Microsoft Visual Studio Solution File, Format Version 12.00
# Visual Studio Version 17
VisualStudioVersion = 17.4.33213.308
MinimumVisualStudioVersion = 10.0.40219.1
Project("{FAE04EC0-301F-11D3-BF4B-00C04F79EFBC}") = "FactorialTask", "FactorialTask\FactorialTask.csproj", "{4898AE1F-8C91-492B-89FF-C810818CA599}"
EndProject
Global
	GlobalSection(SolutionConfigurationPlatforms) = preSolution
		Debug|Any CPU = Debug|Any CPU
		Release|Any CPU = Release|Any CPU
	EndGlobalSection
	GlobalSection(ProjectConfigurationPlatforms) = postSolution
		{4898AE1F-8C91-492B-89FF-C810818CA599}.Debug|Any CPU.ActiveCfg = Debug|Any CPU
		{4898AE1F-8C91-492B-89FF-C810818CA599}.Debug|Any CPU.Build.0 = Debug|Any CPU
		{4898AE1F-8C91-492B-89FF-C810818CA599}.Release|Any CPU.ActiveCfg = Release|Any CPU
		{4898AE1F-8C91-492B-89FF-C810818CA599}.Release|Any CPU.Build.0 = Release|Any CPU
	EndGlobalSection
	GlobalSection(SolutionProperties) = preSolution
		HideSolutionNode = FALSE
	EndGlobalSection
	GlobalSection(ExtensibilityGlobals) = postSolution
		SolutionGuid = {079B123E-97F2-4255-8DE5-5769EBF194C6}
	EndGlobalSection
EndGlobal
